
Microsoft Visual Studio Solution File, Format Version 12.00
# Visual Studio Version 17
VisualStudioVersion = 17.14.36310.24 d17.14
MinimumVisualStudioVersion = 10.0.40219.1
Project("{FAE04EC0-301F-11D3-BF4B-00C04F79EFBC}") = "assessment-Mohammed Elsayed", "assessment-Mohammed Elsayed.csproj", "{1D63FAB2-6B58-463B-94AF-B4407F8D5270}"
EndProject
Global
	GlobalSection(SolutionConfigurationPlatforms) = preSolution
		Debug|Any CPU = Debug|Any CPU
		Release|Any CPU = Release|Any CPU
	EndGlobalSection
	GlobalSection(ProjectConfigurationPlatforms) = postSolution
		{1D63FAB2-6B58-463B-94AF-B4407F8D5270}.Debug|Any CPU.ActiveCfg = Debug|Any CPU
		{1D63FAB2-6B58-463B-94AF-B4407F8D5270}.Debug|Any CPU.Build.0 = Debug|Any CPU
		{1D63FAB2-6B58-463B-94AF-B4407F8D5270}.Release|Any CPU.ActiveCfg = Release|Any CPU
		{1D63FAB2-6B58-463B-94AF-B4407F8D5270}.Release|Any CPU.Build.0 = Release|Any CPU
	EndGlobalSection
	GlobalSection(SolutionProperties) = preSolution
		HideSolutionNode = FALSE
	EndGlobalSection
	GlobalSection(ExtensibilityGlobals) = postSolution
		SolutionGuid = {36F18F3A-34D5-4A14-A483-ACEF727C1F95}
	EndGlobalSection
EndGlobal
